
Microsoft Visual Studio Solution File, Format Version 12.00
# Visual Studio 15
VisualStudioVersion = 15.0.27428.2037
MinimumVisualStudioVersion = 10.0.40219.1
Project("{FAE04EC0-301F-11D3-BF4B-00C04F79EFBC}") = "ProductCatalog", "ProductCatalog\ProductCatalog.csproj", "{3D113EB1-34AF-45B0-ACF1-BB99E46E4D7F}"
EndProject
Global
	GlobalSection(SolutionConfigurationPlatforms) = preSolution
		Debug|Any CPU = Debug|Any CPU
		Release|Any CPU = Release|Any CPU
	EndGlobalSection
	GlobalSection(ProjectConfigurationPlatforms) = postSolution
		{3D113EB1-34AF-45B0-ACF1-BB99E46E4D7F}.Debug|Any CPU.ActiveCfg = Debug|Any CPU
		{3D113EB1-34AF-45B0-ACF1-BB99E46E4D7F}.Debug|Any CPU.Build.0 = Debug|Any CPU
		{3D113EB1-34AF-45B0-ACF1-BB99E46E4D7F}.Release|Any CPU.ActiveCfg = Release|Any CPU
		{3D113EB1-34AF-45B0-ACF1-BB99E46E4D7F}.Release|Any CPU.Build.0 = Release|Any CPU
	EndGlobalSection
	GlobalSection(SolutionProperties) = preSolution
		HideSolutionNode = FALSE
	EndGlobalSection
	GlobalSection(ExtensibilityGlobals) = postSolution
		SolutionGuid = {BCFF4375-FBB6-401F-B7B8-EE9186C747F9}
	EndGlobalSection
EndGlobal
